
Microsoft Visual Studio Solution File, Format Version 12.00
# Visual Studio Version 16
VisualStudioVersion = 16.0.32901.82
MinimumVisualStudioVersion = 10.0.40219.1
Project("{9A19103F-16F7-4668-BE54-9A1E7A4F7556}") = "MenuTech", "MenuTech\MenuTech.csproj", "{BC54E3B0-FB9F-4459-8135-CF54B2A22E7B}"
EndProject
Project("{FAE04EC0-301F-11D3-BF4B-00C04F79EFBC}") = "MenuTechWPF", "MenuTechWPF\MenuTechWPF.csproj", "{A91A61C7-7FA9-4A46-9FF7-5AD10D29056F}"
EndProject
Global
	GlobalSection(SolutionConfigurationPlatforms) = preSolution
		Debug|Any CPU = Debug|Any CPU
		Release|Any CPU = Release|Any CPU
	EndGlobalSection
	GlobalSection(ProjectConfigurationPlatforms) = postSolution
		{BC54E3B0-FB9F-4459-8135-CF54B2A22E7B}.Debug|Any CPU.ActiveCfg = Debug|Any CPU
		{BC54E3B0-FB9F-4459-8135-CF54B2A22E7B}.Debug|Any CPU.Build.0 = Debug|Any CPU
		{BC54E3B0-FB9F-4459-8135-CF54B2A22E7B}.Release|Any CPU.ActiveCfg = Release|Any CPU
		{BC54E3B0-FB9F-4459-8135-CF54B2A22E7B}.Release|Any CPU.Build.0 = Release|Any CPU
		{A91A61C7-7FA9-4A46-9FF7-5AD10D29056F}.Debug|Any CPU.ActiveCfg = Debug|Any CPU
		{A91A61C7-7FA9-4A46-9FF7-5AD10D29056F}.Debug|Any CPU.Build.0 = Debug|Any CPU
		{A91A61C7-7FA9-4A46-9FF7-5AD10D29056F}.Release|Any CPU.ActiveCfg = Release|Any CPU
		{A91A61C7-7FA9-4A46-9FF7-5AD10D29056F}.Release|Any CPU.Build.0 = Release|Any CPU
	EndGlobalSection
	GlobalSection(SolutionProperties) = preSolution
		HideSolutionNode = FALSE
	EndGlobalSection
	GlobalSection(ExtensibilityGlobals) = postSolution
		SolutionGuid = {46122663-7E37-4573-B182-9ADF487481F4}
	EndGlobalSection
EndGlobal
